// !$*UTF8*$!
{
	archiveVersion = 1;
	classes = {
	};
	objectVersion = 46;
	objects = {

/* Begin PBXBuildFile section */
		AB4DA6FE1D17CCB10071B167 /* main.m in Sources */ = {isa = PBXBuildFile; fileRef = AB4DA6FD1D17CCB10071B167 /* main.m */; };
		AB4DA7011D17CCB10071B167 /* AppDelegate.m in Sources */ = {isa = PBXBuildFile; fileRef = AB4DA7001D17CCB10071B167 /* AppDelegate.m */; };
		AB4DA7041D17CCB10071B167 /* ViewController.m in Sources */ = {isa = PBXBuildFile; fileRef = AB4DA7031D17CCB10071B167 /* ViewController.m */; };
		AB4DA7071D17CCB10071B167 /* Main.storyboard in Resources */ = {isa = PBXBuildFile; fileRef = AB4DA7051D17CCB10071B167 /* Main.storyboard */; };
		AB4DA7091D17CCB10071B167 /* Assets.xcassets in Resources */ = {isa = PBXBuildFile; fileRef = AB4DA7081D17CCB10071B167 /* Assets.xcassets */; };
		AB4DA70C1D17CCB10071B167 /* LaunchScreen.storyboard in Resources */ = {isa = PBXBuildFile; fileRef = AB4DA70A1D17CCB10071B167 /* LaunchScreen.storyboard */; };
		AB4DA7171D17CCB10071B167 /* TestTests.m in Sources */ = {isa = PBXBuildFile; fileRef = AB4DA7161D17CCB10071B167 /* TestTests.m */; };
		AB4DA7221D17CCB10071B167 /* TestUITests.m in Sources */ = {isa = PBXBuildFile; fileRef = AB4DA7211D17CCB10071B167 /* TestUITests.m */; };
/* End PBXBuildFile section */

/* Begin PBXContainerItemProxy section */
		AB4DA7131D17CCB10071B167 /* PBXContainerItemProxy */ = {
			isa = PBXContainerItemProxy;
			containerPortal = AB4DA6F11D17CCB00071B167 /* Project object */;
			proxyType = 1;
			remoteGlobalIDString = AB4DA6F81D17CCB00071B167;
			remoteInfo = Test;
		};
		AB4DA71E1D17CCB10071B167 /* PBXContainerItemProxy */ = {
			isa = PBXContainerItemProxy;
			containerPortal = AB4DA6F11D17CCB00071B167 /* Project object */;
			proxyType = 1;
			remoteGlobalIDString = AB4DA6F81D17CCB00071B167;
			remoteInfo = Test;
		};
/* End PBXContainerItemProxy section */

/* Begin PBXFileReference section */
		AB4DA6F91D17CCB00071B167 /* Test.app */ = {isa = PBXFileReference; explicitFileType = wrapper.application; includeInIndex = 0; path = Test.app; sourceTree = BUILT_PRODUCTS_DIR; };
		AB4DA6FD1D17CCB10071B167 /* main.m */ = {isa = PBXFileReference; lastKnownFileType = sourcecode.c.objc; path = main.m; sourceTree = "<group>"; };
		AB4DA6FF1D17CCB10071B167 /* AppDelegate.h */ = {isa = PBXFileReference; lastKnownFileType = sourcecode.c.h; path = AppDelegate.h; sourceTree = "<group>"; };
		AB4DA7001D17CCB10071B167 /* AppDelegate.m */ = {isa = PBXFileReference; lastKnownFileType = sourcecode.c.objc; path = AppDelegate.m; sourceTree = "<group>"; };
		AB4DA7021D17CCB10071B167 /* ViewController.h */ = {isa = PBXFileReference; lastKnownFileType = sourcecode.c.h; path = ViewController.h; sourceTree = "<group>"; };
		AB4DA7031D17CCB10071B167 /* ViewController.m */ = {isa = PBXFileReference; lastKnownFileType = sourcecode.c.objc; path = ViewController.m; sourceTree = "<group>"; };
		AB4DA7061D17CCB10071B167 /* Base */ = {isa = PBXFileReference; lastKnownFileType = file.storyboard; name = Base; path = Base.lproj/Main.storyboard; sourceTree = "<group>"; };
		AB4DA7081D17CCB10071B167 /* Assets.xcassets */ = {isa = PBXFileReference; lastKnownFileType = folder.assetcatalog; path = Assets.xcassets; sourceTree = "<group>"; };
		AB4DA70B1D17CCB10071B167 /* Base */ = {isa = PBXFileReference; lastKnownFileType = file.storyboard; name = Base; path = Base.lproj/LaunchScreen.storyboard; sourceTree = "<group>"; };
		AB4DA70D1D17CCB10071B167 /* Info.plist */ = {isa = PBXFileReference; lastKnownFileType = text.plist.xml; path = Info.plist; sourceTree = "<group>"; };
		AB4DA7121D17CCB10071B167 /* TestTests.xctest */ = {isa = PBXFileReference; explicitFileType = wrapper.cfbundle; includeInIndex = 0; path = TestTests.xctest; sourceTree = BUILT_PRODUCTS_DIR; };
		AB4DA7161D17CCB10071B167 /* TestTests.m */ = {isa = PBXFileReference; lastKnownFileType = sourcecode.c.objc; path = TestTests.m; sourceTree = "<group>"; };
		AB4DA7181D17CCB10071B167 /* Info.plist */ = {isa = PBXFileReference; lastKnownFileType = text.plist.xml; path = Info.plist; sourceTree = "<group>"; };
		AB4DA71D1D17CCB10071B167 /* TestUITests.xctest */ = {isa = PBXFileReference; explicitFileType = wrapper.cfbundle; includeInIndex = 0; path = TestUITests.xctest; sourceTree = BUILT_PRODUCTS_DIR; };
		AB4DA7211D17CCB10071B167 /* TestUITests.m */ = {isa = PBXFileReference; lastKnownFileType = sourcecode.c.objc; path = TestUITests.m; sourceTree = "<group>"; };
		AB4DA7231D17CCB10071B167 /* Info.plist */ = {isa = PBXFileReference; lastKnownFileType = text.plist.xml; path = Info.plist; sourceTree = "<group>"; };
/* End PBXFileReference section */

/* Begin PBXFrameworksBuildPhase section */
		AB4DA6F61D17CCB00071B167 /* Frameworks */ = {
			isa = PBXFrameworksBuildPhase;
			buildActionMask = 2147483647;
			files = (
			);
			runOnlyForDeploymentPostprocessing = 0;
		};
		AB4DA70F1D17CCB10071B167 /* Frameworks */ = {
			isa = PBXFrameworksBuildPhase;
			buildActionMask = 2147483647;
			files = (
			);
			runOnlyForDeploymentPostprocessing = 0;
		};
		AB4DA71A1D17CCB10071B167 /* Frameworks */ = {
			isa = PBXFrameworksBuildPhase;
			buildActionMask = 2147483647;
			files = (
			);
			runOnlyForDeploymentPostprocessing = 0;
		};
/* End PBXFrameworksBuildPhase section */

/* Begin PBXGroup section */
		AB4DA6F01D17CCB00071B167 = {
			isa = PBXGroup;
			children = (
				AB4DA6FB1D17CCB10071B167 /* Test */,
				AB4DA7151D17CCB10071B167 /* TestTests */,
				AB4DA7201D17CCB10071B167 /* TestUITests */,
				AB4DA6FA1D17CCB00071B167 /* Products */,
			);
			sourceTree = "<group>";
		};
		AB4DA6FA1D17CCB00071B167 /* Products */ = {
			isa = PBXGroup;
			children = (
				AB4DA6F91D17CCB00071B167 /* Test.app */,
				AB4DA7121D17CCB10071B167 /* TestTests.xctest */,
				AB4DA71D1D17CCB10071B167 /* TestUITests.xctest */,
			);
			name = Products;
			sourceTree = "<group>";
		};
		AB4DA6FB1D17CCB10071B167 /* Test */ = {
			isa = PBXGroup;
			children = (
				AB4DA6FF1D17CCB10071B167 /* AppDelegate.h */,
				AB4DA7001D17CCB10071B167 /* AppDelegate.m */,
				AB4DA7021D17CCB10071B167 /* ViewController.h */,
				AB4DA7031D17CCB10071B167 /* ViewController.m */,
				AB4DA7051D17CCB10071B167 /* Main.storyboard */,
				AB4DA7081D17CCB10071B167 /* Assets.xcassets */,
				AB4DA70A1D17CCB10071B167 /* LaunchScreen.storyboard */,
				AB4DA70D1D17CCB10071B167 /* Info.plist */,
				AB4DA6FC1D17CCB10071B167 /* Supporting Files */,
			);
			path = Test;
			sourceTree = "<group>";
		};
		AB4DA6FC1D17CCB10071B167 /* Supporting Files */ = {
			isa = PBXGroup;
			children = (
				AB4DA6FD1D17CCB10071B167 /* main.m */,
			);
			name = "Supporting Files";
			sourceTree = "<group>";
		};
		AB4DA7151D17CCB10071B167 /* TestTests */ = {
			isa = PBXGroup;
			children = (
				AB4DA7161D17CCB10071B167 /* TestTests.m */,
				AB4DA7181D17CCB10071B167 /* Info.plist */,
			);
			path = TestTests;
			sourceTree = "<group>";
		};
		AB4DA7201D17CCB10071B167 /* TestUITests */ = {
			isa = PBXGroup;
			children = (
				AB4DA7211D17CCB10071B167 /* TestUITests.m */,
				AB4DA7231D17CCB10071B167 /* Info.plist */,
			);
			path = TestUITests;
			sourceTree = "<group>";
		};
/* End PBXGroup section */

/* Begin PBXNativeTarget section */
		AB4DA6F81D17CCB00071B167 /* Test */ = {
			isa = PBXNativeTarget;
			buildConfigurationList = AB4DA7261D17CCB10071B167 /* Build configuration list for PBXNativeTarget "Test" */;
			buildPhases = (
				AB4DA6F51D17CCB00071B167 /* Sources */,
				AB4DA6F61D17CCB00071B167 /* Frameworks */,
				AB4DA6F71D17CCB00071B167 /* Resources */,
			);
			buildRules = (
			);
			dependencies = (
			);
			name = Test;
			productName = Test;
			productReference = AB4DA6F91D17CCB00071B167 /* Test.app */;
			productType = "com.apple.product-type.application";
		};
		AB4DA7111D17CCB10071B167 /* TestTests */ = {
			isa = PBXNativeTarget;
			buildConfigurationList = AB4DA7291D17CCB10071B167 /* Build configuration list for PBXNativeTarget "TestTests" */;
			buildPhases = (
				AB4DA70E1D17CCB10071B167 /* Sources */,
				AB4DA70F1D17CCB10071B167 /* Frameworks */,
				AB4DA7101D17CCB10071B167 /* Resources */,
			);
			buildRules = (
			);
			dependencies = (
				AB4DA7141D17CCB10071B167 /* PBXTargetDependency */,
			);
			name = TestTests;
			productName = TestTests;
			productReference = AB4DA7121D17CCB10071B167 /* TestTests.xctest */;
			productType = "com.apple.product-type.bundle.unit-test";
		};
		AB4DA71C1D17CCB10071B167 /* TestUITests */ = {
			isa = PBXNativeTarget;
			buildConfigurationList = AB4DA72C1D17CCB10071B167 /* Build configuration list for PBXNativeTarget "TestUITests" */;
			buildPhases = (
				AB4DA7191D17CCB10071B167 /* Sources */,
				AB4DA71A1D17CCB10071B167 /* Frameworks */,
				AB4DA71B1D17CCB10071B167 /* Resources */,
			);
			buildRules = (
			);
			dependencies = (
				AB4DA71F1D17CCB10071B167 /* PBXTargetDependency */,
			);
			name = TestUITests;
			productName = TestUITests;
			productReference = AB4DA71D1D17CCB10071B167 /* TestUITests.xctest */;
			productType = "com.apple.product-type.bundle.ui-testing";
		};
/* End PBXNativeTarget section */

/* Begin PBXProject section */
		AB4DA6F11D17CCB00071B167 /* Project object */ = {
			isa = PBXProject;
			attributes = {
				LastUpgradeCheck = 0730;
				ORGANIZATIONNAME = FineSoft;
				TargetAttributes = {
					AB4DA6F81D17CCB00071B167 = {
						CreatedOnToolsVersion = 7.3.1;
					};
					AB4DA7111D17CCB10071B167 = {
						CreatedOnToolsVersion = 7.3.1;
						TestTargetID = AB4DA6F81D17CCB00071B167;
					};
					AB4DA71C1D17CCB10071B167 = {
						CreatedOnToolsVersion = 7.3.1;
						TestTargetID = AB4DA6F81D17CCB00071B167;
					};
				};
			};
			buildConfigurationList = AB4DA6F41D17CCB00071B167 /* Build configuration list for PBXProject "Test" */;
			compatibilityVersion = "Xcode 3.2";
			developmentRegion = English;
			hasScannedForEncodings = 0;
			knownRegions = (
				en,
				Base,
			);
			mainGroup = AB4DA6F01D17CCB00071B167;
			productRefGroup = AB4DA6FA1D17CCB00071B167 /* Products */;
			projectDirPath = "";
			projectRoot = "";
			targets = (
				AB4DA6F81D17CCB00071B167 /* Test */,
				AB4DA7111D17CCB10071B167 /* TestTests */,
				AB4DA71C1D17CCB10071B167 /* TestUITests */,
			);
		};
/* End PBXProject section */

/* Begin PBXResourcesBuildPhase section */
		AB4DA6F71D17CCB00071B167 /* Resources */ = {
			isa = PBXResourcesBuildPhase;
			buildActionMask = 2147483647;
			files = (
				AB4DA70C1D17CCB10071B167 /* LaunchScreen.storyboard in Resources */,
				AB4DA7091D17CCB10071B167 /* Assets.xcassets in Resources */,
				AB4DA7071D17CCB10071B167 /* Main.storyboard in Resources */,
			);
			runOnlyForDeploymentPostprocessing = 0;
		};
		AB4DA7101D17CCB10071B167 /* Resources */ = {
			isa = PBXResourcesBuildPhase;
			buildActionMask = 2147483647;
			files = (
			);
			runOnlyForDeploymentPostprocessing = 0;
		};
		AB4DA71B1D17CCB10071B167 /* Resources */ = {
			isa = PBXResourcesBuildPhase;
			buildActionMask = 2147483647;
			files = (
			);
			runOnlyForDeploymentPostprocessing = 0;
		};
/* End PBXResourcesBuildPhase section */

/* Begin PBXSourcesBuildPhase section */
		AB4DA6F51D17CCB00071B167 /* Sources */ = {
			isa = PBXSourcesBuildPhase;
			buildActionMask = 2147483647;
			files = (
				AB4DA7041D17CCB10071B167 /* ViewController.m in Sources */,
				AB4DA7011D17CCB10071B167 /* AppDelegate.m in Sources */,
				AB4DA6FE1D17CCB10071B167 /* main.m in Sources */,
			);
			runOnlyForDeploymentPostprocessing = 0;
		};
		AB4DA70E1D17CCB10071B167 /* Sources */ = {
			isa = PBXSourcesBuildPhase;
			buildActionMask = 2147483647;
			files = (
				AB4DA7171D17CCB10071B167 /* TestTests.m in Sources */,
			);
			runOnlyForDeploymentPostprocessing = 0;
		};
		AB4DA7191D17CCB10071B167 /* Sources */ = {
			isa = PBXSourcesBuildPhase;
			buildActionMask = 2147483647;
			files = (
				AB4DA7221D17CCB10071B167 /* TestUITests.m in Sources */,
			);
			runOnlyForDeploymentPostprocessing = 0;
		};
/* End PBXSourcesBuildPhase section */

/* Begin PBXTargetDependency section */
		AB4DA7141D17CCB10071B167 /* PBXTargetDependency */ = {
			isa = PBXTargetDependency;
			target = AB4DA6F81D17CCB00071B167 /* Test */;
			targetProxy = AB4DA7131D17CCB10071B167 /* PBXContainerItemProxy */;
		};
		AB4DA71F1D17CCB10071B167 /* PBXTargetDependency */ = {
			isa = PBXTargetDependency;
			target = AB4DA6F81D17CCB00071B167 /* Test */;
			targetProxy = AB4DA71E1D17CCB10071B167 /* PBXContainerItemProxy */;
		};
/* End PBXTargetDependency section */

/* Begin PBXVariantGroup section */
		AB4DA7051D17CCB10071B167 /* Main.storyboard */ = {
			isa = PBXVariantGroup;
			children = (
				AB4DA7061D17CCB10071B167 /* Base */,
			);
			name = Main.storyboard;
			sourceTree = "<group>";
		};
		AB4DA70A1D17CCB10071B167 /* LaunchScreen.storyboard */ = {
			isa = PBXVariantGroup;
			children = (
				AB4DA70B1D17CCB10071B167 /* Base */,
			);
			name = LaunchScreen.storyboard;
			sourceTree = "<group>";
		};
/* End PBXVariantGroup section */

/* Begin XCBuildConfiguration section */
		AB4DA7241D17CCB10071B167 /* Debug */ = {
			isa = XCBuildConfiguration;
			buildSettings = {
				ALWAYS_SEARCH_USER_PATHS = NO;
				CLANG_ANALYZER_NONNULL = YES;
				CLANG_CXX_LANGUAGE_STANDARD = "gnu++0x";
				CLANG_CXX_LIBRARY = "libc++";
				CLANG_ENABLE_MODULES = YES;
				CLANG_ENABLE_OBJC_ARC = YES;
				CLANG_WARN_BOOL_CONVERSION = YES;
				CLANG_WARN_CONSTANT_CONVERSION = YES;
				CLANG_WARN_DIRECT_OBJC_ISA_USAGE = YES_ERROR;
				CLANG_WARN_EMPTY_BODY = YES;
				CLANG_WARN_ENUM_CONVERSION = YES;
				CLANG_WARN_INT_CONVERSION = YES;
				CLANG_WARN_OBJC_ROOT_CLASS = YES_ERROR;
				CLANG_WARN_UNREACHABLE_CODE = YES;
				CLANG_WARN__DUPLICATE_METHOD_MATCH = YES;
				"CODE_SIGN_IDENTITY[sdk=iphoneos*]" = "iPhone Developer";
				COPY_PHASE_STRIP = NO;
				DEBUG_INFORMATION_FORMAT = dwarf;
				ENABLE_STRICT_OBJC_MSGSEND = YES;
				ENABLE_TESTABILITY = YES;
				GCC_C_LANGUAGE_STANDARD = gnu99;
				GCC_DYNAMIC_NO_PIC = NO;
				GCC_NO_COMMON_BLOCKS = YES;
				GCC_OPTIMIZATION_LEVEL = 0;
				GCC_PREPROCESSOR_DEFINITIONS = (
					"DEBUG=1",
					"$(inherited)",
				);
				GCC_WARN_64_TO_32_BIT_CONVERSION = YES;
				GCC_WARN_ABOUT_RETURN_TYPE = YES_ERROR;
				GCC_WARN_UNDECLARED_SELECTOR = YES;
				GCC_WARN_UNINITIALIZED_AUTOS = YES_AGGRESSIVE;
				GCC_WARN_UNUSED_FUNCTION = YES;
				GCC_WARN_UNUSED_VARIABLE = YES;
				IPHONEOS_DEPLOYMENT_TARGET = 9.3;
				MTL_ENABLE_DEBUG_INFO = YES;
				ONLY_ACTIVE_ARCH = YES;
				SDKROOT = iphoneos;
				TARGETED_DEVICE_FAMILY = "1,2";
			};
			name = Debug;
		};
		AB4DA7251D17CCB10071B167 /* Release */ = {
			isa = XCBuildConfiguration;
			buildSettings = {
				ALWAYS_SEARCH_USER_PATHS = NO;
				CLANG_ANALYZER_NONNULL = YES;
				CLANG_CXX_LANGUAGE_STANDARD = "gnu++0x";
				CLANG_CXX_LIBRARY = "libc++";
				CLANG_ENABLE_MODULES = YES;
				CLANG_ENABLE_OBJC_ARC = YES;
				CLANG_WARN_BOOL_CONVERSION = YES;
				CLANG_WARN_CONSTANT_CONVERSION = YES;
				CLANG_WARN_DIRECT_OBJC_ISA_USAGE = YES_ERROR;
				CLANG_WARN_EMPTY_BODY = YES;
				CLANG_WARN_ENUM_CONVERSION = YES;
				CLANG_WARN_INT_CONVERSION = YES;
				CLANG_WARN_OBJC_ROOT_CLASS = YES_ERROR;
				CLANG_WARN_UNREACHABLE_CODE = YES;
				CLANG_WARN__DUPLICATE_METHOD_MATCH = YES;
				"CODE_SIGN_IDENTITY[sdk=iphoneos*]" = "iPhone Developer";
				COPY_PHASE_STRIP = NO;
				DEBUG_INFORMATION_FORMAT = "dwarf-with-dsym";
				ENABLE_NS_ASSERTIONS = NO;
				ENABLE_STRICT_OBJC_MSGSEND = YES;
				GCC_C_LANGUAGE_STANDARD = gnu99;
				GCC_NO_COMMON_BLOCKS = YES;
				GCC_WARN_64_TO_32_BIT_CONVERSION = YES;
				GCC_WARN_ABOUT_RETURN_TYPE = YES_ERROR;
				GCC_WARN_UNDECLARED_SELECTOR = YES;
				GCC_WARN_UNINITIALIZED_AUTOS = YES_AGGRESSIVE;
				GCC_WARN_UNUSED_FUNCTION = YES;
				GCC_WARN_UNUSED_VARIABLE = YES;
				IPHONEOS_DEPLOYMENT_TARGET = 9.3;
				MTL_ENABLE_DEBUG_INFO = NO;
				SDKROOT = iphoneos;
				TARGETED_DEVICE_FAMILY = "1,2";
				VALIDATE_PRODUCT = YES;
			};
			name = Release;
		};
		AB4DA7271D17CCB10071B167 /* Debug */ = {
			isa = XCBuildConfiguration;
			buildSettings = {
				ASSETCATALOG_COMPILER_APPICON_NAME = AppIcon;
				INFOPLIST_FILE = Test/Info.plist;
				LD_RUNPATH_SEARCH_PATHS = "$(inherited) @executable_path/Frameworks";
				PRODUCT_BUNDLE_IDENTIFIER = "com.fr-widget.Test";
				PRODUCT_NAME = "$(TARGET_NAME)";
			};
			name = Debug;
		};
		AB4DA7281D17CCB10071B167 /* Release */ = {
			isa = XCBuildConfiguration;
			buildSettings = {
				ASSETCATALOG_COMPILER_APPICON_NAME = AppIcon;
				INFOPLIST_FILE = Test/Info.plist;
				LD_RUNPATH_SEARCH_PATHS = "$(inherited) @executable_path/Frameworks";
				PRODUCT_BUNDLE_IDENTIFIER = "com.fr-widget.Test";
				PRODUCT_NAME = "$(TARGET_NAME)";
			};
			name = Release;
		};
		AB4DA72A1D17CCB10071B167 /* Debug */ = {
			isa = XCBuildConfiguration;
			buildSettings = {
				BUNDLE_LOADER = "$(TEST_HOST)";
				INFOPLIST_FILE = TestTests/Info.plist;
				LD_RUNPATH_SEARCH_PATHS = "$(inherited) @executable_path/Frameworks @loader_path/Frameworks";
				PRODUCT_BUNDLE_IDENTIFIER = "com.fr-widget.TestTests";
				PRODUCT_NAME = "$(TARGET_NAME)";
				TEST_HOST = "$(BUILT_PRODUCTS_DIR)/Test.app/Test";
			};
			name = Debug;
		};
		AB4DA72B1D17CCB10071B167 /* Release */ = {
			isa = XCBuildConfiguration;
			buildSettings = {
				BUNDLE_LOADER = "$(TEST_HOST)";
				INFOPLIST_FILE = TestTests/Info.plist;
				LD_RUNPATH_SEARCH_PATHS = "$(inherited) @executable_path/Frameworks @loader_path/Frameworks";
				PRODUCT_BUNDLE_IDENTIFIER = "com.fr-widget.TestTests";
				PRODUCT_NAME = "$(TARGET_NAME)";
				TEST_HOST = "$(BUILT_PRODUCTS_DIR)/Test.app/Test";
			};
			name = Release;
		};
		AB4DA72D1D17CCB10071B167 /* Debug */ = {
			isa = XCBuildConfiguration;
			buildSettings = {
				INFOPLIST_FILE = TestUITests/Info.plist;
				LD_RUNPATH_SEARCH_PATHS = "$(inherited) @executable_path/Frameworks @loader_path/Frameworks";
				PRODUCT_BUNDLE_IDENTIFIER = "com.fr-widget.TestUITests";
				PRODUCT_NAME = "$(TARGET_NAME)";
				TEST_TARGET_NAME = Test;
			};
			name = Debug;
		};
		AB4DA72E1D17CCB10071B167 /* Release */ = {
			isa = XCBuildConfiguration;
			buildSettings = {
				INFOPLIST_FILE = TestUITests/Info.plist;
				LD_RUNPATH_SEARCH_PATHS = "$(inherited) @executable_path/Frameworks @loader_path/Frameworks";
				PRODUCT_BUNDLE_IDENTIFIER = "com.fr-widget.TestUITests";
				PRODUCT_NAME = "$(TARGET_NAME)";
				TEST_TARGET_NAME = Test;
			};
			name = Release;
		};
/* End XCBuildConfiguration section */

/* Begin XCConfigurationList section */
		AB4DA6F41D17CCB00071B167 /* Build configuration list for PBXProject "Test" */ = {
			isa = XCConfigurationList;
			buildConfigurations = (
				AB4DA7241D17CCB10071B167 /* Debug */,
				AB4DA7251D17CCB10071B167 /* Release */,
			);
			defaultConfigurationIsVisible = 0;
			defaultConfigurationName = Release;
		};
		AB4DA7261D17CCB10071B167 /* Build configuration list for PBXNativeTarget "Test" */ = {
			isa = XCConfigurationList;
			buildConfigurations = (
				AB4DA7271D17CCB10071B167 /* Debug */,
				AB4DA7281D17CCB10071B167 /* Release */,
			);
			defaultConfigurationIsVisible = 0;
		};
		AB4DA7291D17CCB10071B167 /* Build configuration list for PBXNativeTarget "TestTests" */ = {
			isa = XCConfigurationList;
			buildConfigurations = (
				AB4DA72A1D17CCB10071B167 /* Debug */,
				AB4DA72B1D17CCB10071B167 /* Release */,
			);
			defaultConfigurationIsVisible = 0;
		};
		AB4DA72C1D17CCB10071B167 /* Build configuration list for PBXNativeTarget "TestUITests" */ = {
			isa = XCConfigurationList;
			buildConfigurations = (
				AB4DA72D1D17CCB10071B167 /* Debug */,
				AB4DA72E1D17CCB10071B167 /* Release */,
			);
			defaultConfigurationIsVisible = 0;
		};
/* End XCConfigurationList section */
	};
	rootObject = AB4DA6F11D17CCB00071B167 /* Project object */;
}
